// !$*UTF8*$!
{
	archiveVersion = 1;
	classes = {
	};
	objectVersion = 50;
	objects = {

/* Begin PBXBuildFile section */
		BC50CDB425AB1036006E7253 /* AppDelegate.swift in Sources */ = {isa = PBXBuildFile; fileRef = BC50CDB325AB1036006E7253 /* AppDelegate.swift */; };
		BC50CDB625AB1036006E7253 /* SceneDelegate.swift in Sources */ = {isa = PBXBuildFile; fileRef = BC50CDB525AB1036006E7253 /* SceneDelegate.swift */; };
		BC50CDB825AB1036006E7253 /* ViewController.swift in Sources */ = {isa = PBXBuildFile; fileRef = BC50CDB725AB1036006E7253 /* ViewController.swift */; };
		BC50CDBB25AB1036006E7253 /* Main.storyboard in Resources */ = {isa = PBXBuildFile; fileRef = BC50CDB925AB1036006E7253 /* Main.storyboard */; };
		BC50CDBD25AB1038006E7253 /* Assets.xcassets in Resources */ = {isa = PBXBuildFile; fileRef = BC50CDBC25AB1038006E7253 /* Assets.xcassets */; };
		BC50CDC025AB1038006E7253 /* LaunchScreen.storyboard in Resources */ = {isa = PBXBuildFile; fileRef = BC50CDBE25AB1038006E7253 /* LaunchScreen.storyboard */; };
		BC50CDCB25AC50C4006E7253 /* DonutProgressView.swift in Sources */ = {isa = PBXBuildFile; fileRef = BC50CDCA25AC50C4006E7253 /* DonutProgressView.swift */; };
		BC6E19BF25AD6A5000E58F2D /* CustomActivityIndicatorV1.swift in Sources */ = {isa = PBXBuildFile; fileRef = BC6E19BE25AD6A5000E58F2D /* CustomActivityIndicatorV1.swift */; };
		BC6E19C225AD6F3800E58F2D /* CustomActivityIndicatorV2.swift in Sources */ = {isa = PBXBuildFile; fileRef = BC6E19C125AD6F3800E58F2D /* CustomActivityIndicatorV2.swift */; };
		BC6E19C725ADB44800E58F2D /* TrainReplicatorView.swift in Sources */ = {isa = PBXBuildFile; fileRef = BC6E19C625ADB44800E58F2D /* TrainReplicatorView.swift */; };
		BC6E19CA25AECFB400E58F2D /* TypingAnimationView.swift in Sources */ = {isa = PBXBuildFile; fileRef = BC6E19C925AECFB400E58F2D /* TypingAnimationView.swift */; };
		BCC8665125B57EB10051BB42 /* ProgressView.swift in Sources */ = {isa = PBXBuildFile; fileRef = BCC8665025B57EB10051BB42 /* ProgressView.swift */; };
/* End PBXBuildFile section */

/* Begin PBXFileReference section */
		BC50CDB025AB1036006E7253 /* PancakeAnimation.app */ = {isa = PBXFileReference; explicitFileType = wrapper.application; includeInIndex = 0; path = PancakeAnimation.app; sourceTree = BUILT_PRODUCTS_DIR; };
		BC50CDB325AB1036006E7253 /* AppDelegate.swift */ = {isa = PBXFileReference; lastKnownFileType = sourcecode.swift; path = AppDelegate.swift; sourceTree = "<group>"; };
		BC50CDB525AB1036006E7253 /* SceneDelegate.swift */ = {isa = PBXFileReference; lastKnownFileType = sourcecode.swift; path = SceneDelegate.swift; sourceTree = "<group>"; };
		BC50CDB725AB1036006E7253 /* ViewController.swift */ = {isa = PBXFileReference; lastKnownFileType = sourcecode.swift; path = ViewController.swift; sourceTree = "<group>"; };
		BC50CDBA25AB1036006E7253 /* Base */ = {isa = PBXFileReference; lastKnownFileType = file.storyboard; name = Base; path = Base.lproj/Main.storyboard; sourceTree = "<group>"; };
		BC50CDBC25AB1038006E7253 /* Assets.xcassets */ = {isa = PBXFileReference; lastKnownFileType = folder.assetcatalog; path = Assets.xcassets; sourceTree = "<group>"; };
		BC50CDBF25AB1038006E7253 /* Base */ = {isa = PBXFileReference; lastKnownFileType = file.storyboard; name = Base; path = Base.lproj/LaunchScreen.storyboard; sourceTree = "<group>"; };
		BC50CDC125AB1038006E7253 /* Info.plist */ = {isa = PBXFileReference; lastKnownFileType = text.plist.xml; path = Info.plist; sourceTree = "<group>"; };
		BC50CDCA25AC50C4006E7253 /* DonutProgressView.swift */ = {isa = PBXFileReference; lastKnownFileType = sourcecode.swift; path = DonutProgressView.swift; sourceTree = "<group>"; };
		BC6E19BE25AD6A5000E58F2D /* CustomActivityIndicatorV1.swift */ = {isa = PBXFileReference; lastKnownFileType = sourcecode.swift; path = CustomActivityIndicatorV1.swift; sourceTree = "<group>"; };
		BC6E19C125AD6F3800E58F2D /* CustomActivityIndicatorV2.swift */ = {isa = PBXFileReference; lastKnownFileType = sourcecode.swift; path = CustomActivityIndicatorV2.swift; sourceTree = "<group>"; };
		BC6E19C625ADB44800E58F2D /* TrainReplicatorView.swift */ = {isa = PBXFileReference; lastKnownFileType = sourcecode.swift; path = TrainReplicatorView.swift; sourceTree = "<group>"; };
		BC6E19C925AECFB400E58F2D /* TypingAnimationView.swift */ = {isa = PBXFileReference; lastKnownFileType = sourcecode.swift; path = TypingAnimationView.swift; sourceTree = "<group>"; };
		BCC8665025B57EB10051BB42 /* ProgressView.swift */ = {isa = PBXFileReference; lastKnownFileType = sourcecode.swift; path = ProgressView.swift; sourceTree = "<group>"; };
/* End PBXFileReference section */

/* Begin PBXFrameworksBuildPhase section */
		BC50CDAD25AB1036006E7253 /* Frameworks */ = {
			isa = PBXFrameworksBuildPhase;
			buildActionMask = 2147483647;
			files = (
			);
			runOnlyForDeploymentPostprocessing = 0;
		};
/* End PBXFrameworksBuildPhase section */

/* Begin PBXGroup section */
		BC50CDA725AB1036006E7253 = {
			isa = PBXGroup;
			children = (
				BC50CDB225AB1036006E7253 /* PancakeAnimation */,
				BC50CDB125AB1036006E7253 /* Products */,
			);
			sourceTree = "<group>";
		};
		BC50CDB125AB1036006E7253 /* Products */ = {
			isa = PBXGroup;
			children = (
				BC50CDB025AB1036006E7253 /* PancakeAnimation.app */,
			);
			name = Products;
			sourceTree = "<group>";
		};
		BC50CDB225AB1036006E7253 /* PancakeAnimation */ = {
			isa = PBXGroup;
			children = (
				BC50CDB325AB1036006E7253 /* AppDelegate.swift */,
				BC50CDB525AB1036006E7253 /* SceneDelegate.swift */,
				BC50CDCA25AC50C4006E7253 /* DonutProgressView.swift */,
				BC6E19BE25AD6A5000E58F2D /* CustomActivityIndicatorV1.swift */,
				BC6E19C125AD6F3800E58F2D /* CustomActivityIndicatorV2.swift */,
				BC6E19C625ADB44800E58F2D /* TrainReplicatorView.swift */,
				BC6E19C925AECFB400E58F2D /* TypingAnimationView.swift */,
				BCC8665025B57EB10051BB42 /* ProgressView.swift */,
				BC50CDB725AB1036006E7253 /* ViewController.swift */,
				BC50CDB925AB1036006E7253 /* Main.storyboard */,
				BC50CDBC25AB1038006E7253 /* Assets.xcassets */,
				BC50CDBE25AB1038006E7253 /* LaunchScreen.storyboard */,
				BC50CDC125AB1038006E7253 /* Info.plist */,
			);
			path = PancakeAnimation;
			sourceTree = "<group>";
		};
/* End PBXGroup section */

/* Begin PBXNativeTarget section */
		BC50CDAF25AB1036006E7253 /* PancakeAnimation */ = {
			isa = PBXNativeTarget;
			buildConfigurationList = BC50CDC425AB1038006E7253 /* Build configuration list for PBXNativeTarget "PancakeAnimation" */;
			buildPhases = (
				BC50CDAC25AB1036006E7253 /* Sources */,
				BC50CDAD25AB1036006E7253 /* Frameworks */,
				BC50CDAE25AB1036006E7253 /* Resources */,
			);
			buildRules = (
			);
			dependencies = (
			);
			name = PancakeAnimation;
			productName = PancakeAnimation;
			productReference = BC50CDB025AB1036006E7253 /* PancakeAnimation.app */;
			productType = "com.apple.product-type.application";
		};
/* End PBXNativeTarget section */

/* Begin PBXProject section */
		BC50CDA825AB1036006E7253 /* Project object */ = {
			isa = PBXProject;
			attributes = {
				LastSwiftUpdateCheck = 1210;
				LastUpgradeCheck = 1210;
				TargetAttributes = {
					BC50CDAF25AB1036006E7253 = {
						CreatedOnToolsVersion = 12.1;
					};
				};
			};
			buildConfigurationList = BC50CDAB25AB1036006E7253 /* Build configuration list for PBXProject "PancakeAnimation" */;
			compatibilityVersion = "Xcode 9.3";
			developmentRegion = en;
			hasScannedForEncodings = 0;
			knownRegions = (
				en,
				Base,
			);
			mainGroup = BC50CDA725AB1036006E7253;
			productRefGroup = BC50CDB125AB1036006E7253 /* Products */;
			projectDirPath = "";
			projectRoot = "";
			targets = (
				BC50CDAF25AB1036006E7253 /* PancakeAnimation */,
			);
		};
/* End PBXProject section */

/* Begin PBXResourcesBuildPhase section */
		BC50CDAE25AB1036006E7253 /* Resources */ = {
			isa = PBXResourcesBuildPhase;
			buildActionMask = 2147483647;
			files = (
				BC50CDC025AB1038006E7253 /* LaunchScreen.storyboard in Resources */,
				BC50CDBD25AB1038006E7253 /* Assets.xcassets in Resources */,
				BC50CDBB25AB1036006E7253 /* Main.storyboard in Resources */,
			);
			runOnlyForDeploymentPostprocessing = 0;
		};
/* End PBXResourcesBuildPhase section */

/* Begin PBXSourcesBuildPhase section */
		BC50CDAC25AB1036006E7253 /* Sources */ = {
			isa = PBXSourcesBuildPhase;
			buildActionMask = 2147483647;
			files = (
				BC50CDCB25AC50C4006E7253 /* DonutProgressView.swift in Sources */,
				BC6E19C725ADB44800E58F2D /* TrainReplicatorView.swift in Sources */,
				BC6E19CA25AECFB400E58F2D /* TypingAnimationView.swift in Sources */,
				BC6E19C225AD6F3800E58F2D /* CustomActivityIndicatorV2.swift in Sources */,
				BC50CDB825AB1036006E7253 /* ViewController.swift in Sources */,
				BC50CDB425AB1036006E7253 /* AppDelegate.swift in Sources */,
				BC6E19BF25AD6A5000E58F2D /* CustomActivityIndicatorV1.swift in Sources */,
				BC50CDB625AB1036006E7253 /* SceneDelegate.swift in Sources */,
				BCC8665125B57EB10051BB42 /* ProgressView.swift in Sources */,
			);
			runOnlyForDeploymentPostprocessing = 0;
		};
/* End PBXSourcesBuildPhase section */

/* Begin PBXVariantGroup section */
		BC50CDB925AB1036006E7253 /* Main.storyboard */ = {
			isa = PBXVariantGroup;
			children = (
				BC50CDBA25AB1036006E7253 /* Base */,
			);
			name = Main.storyboard;
			sourceTree = "<group>";
		};
		BC50CDBE25AB1038006E7253 /* LaunchScreen.storyboard */ = {
			isa = PBXVariantGroup;
			children = (
				BC50CDBF25AB1038006E7253 /* Base */,
			);
			name = LaunchScreen.storyboard;
			sourceTree = "<group>";
		};
/* End PBXVariantGroup section */

/* Begin XCBuildConfiguration section */
		BC50CDC225AB1038006E7253 /* Debug */ = {
			isa = XCBuildConfiguration;
			buildSettings = {
				ALWAYS_SEARCH_USER_PATHS = NO;
				CLANG_ANALYZER_NONNULL = YES;
				CLANG_ANALYZER_NUMBER_OBJECT_CONVERSION = YES_AGGRESSIVE;
				CLANG_CXX_LANGUAGE_STANDARD = "gnu++14";
				CLANG_CXX_LIBRARY = "libc++";
				CLANG_ENABLE_MODULES = YES;
				CLANG_ENABLE_OBJC_ARC = YES;
				CLANG_ENABLE_OBJC_WEAK = YES;
				CLANG_WARN_BLOCK_CAPTURE_AUTORELEASING = YES;
				CLANG_WARN_BOOL_CONVERSION = YES;
				CLANG_WARN_COMMA = YES;
				CLANG_WARN_CONSTANT_CONVERSION = YES;
				CLANG_WARN_DEPRECATED_OBJC_IMPLEMENTATIONS = YES;
				CLANG_WARN_DIRECT_OBJC_ISA_USAGE = YES_ERROR;
				CLANG_WARN_DOCUMENTATION_COMMENTS = YES;
				CLANG_WARN_EMPTY_BODY = YES;
				CLANG_WARN_ENUM_CONVERSION = YES;
				CLANG_WARN_INFINITE_RECURSION = YES;
				CLANG_WARN_INT_CONVERSION = YES;
				CLANG_WARN_NON_LITERAL_NULL_CONVERSION = YES;
				CLANG_WARN_OBJC_IMPLICIT_RETAIN_SELF = YES;
				CLANG_WARN_OBJC_LITERAL_CONVERSION = YES;
				CLANG_WARN_OBJC_ROOT_CLASS = YES_ERROR;
				CLANG_WARN_QUOTED_INCLUDE_IN_FRAMEWORK_HEADER = YES;
				CLANG_WARN_RANGE_LOOP_ANALYSIS = YES;
				CLANG_WARN_STRICT_PROTOTYPES = YES;
				CLANG_WARN_SUSPICIOUS_MOVE = YES;
				CLANG_WARN_UNGUARDED_AVAILABILITY = YES_AGGRESSIVE;
				CLANG_WARN_UNREACHABLE_CODE = YES;
				CLANG_WARN__DUPLICATE_METHOD_MATCH = YES;
				COPY_PHASE_STRIP = NO;
				DEBUG_INFORMATION_FORMAT = dwarf;
				ENABLE_STRICT_OBJC_MSGSEND = YES;
				ENABLE_TESTABILITY = YES;
				GCC_C_LANGUAGE_STANDARD = gnu11;
				GCC_DYNAMIC_NO_PIC = NO;
				GCC_NO_COMMON_BLOCKS = YES;
				GCC_OPTIMIZATION_LEVEL = 0;
				GCC_PREPROCESSOR_DEFINITIONS = (
					"DEBUG=1",
					"$(inherited)",
				);
				GCC_WARN_64_TO_32_BIT_CONVERSION = YES;
				GCC_WARN_ABOUT_RETURN_TYPE = YES_ERROR;
				GCC_WARN_UNDECLARED_SELECTOR = YES;
				GCC_WARN_UNINITIALIZED_AUTOS = YES_AGGRESSIVE;
				GCC_WARN_UNUSED_FUNCTION = YES;
				GCC_WARN_UNUSED_VARIABLE = YES;
				IPHONEOS_DEPLOYMENT_TARGET = 14.1;
				MTL_ENABLE_DEBUG_INFO = INCLUDE_SOURCE;
				MTL_FAST_MATH = YES;
				ONLY_ACTIVE_ARCH = YES;
				SDKROOT = iphoneos;
				SWIFT_ACTIVE_COMPILATION_CONDITIONS = DEBUG;
				SWIFT_OPTIMIZATION_LEVEL = "-Onone";
			};
			name = Debug;
		};
		BC50CDC325AB1038006E7253 /* Release */ = {
			isa = XCBuildConfiguration;
			buildSettings = {
				ALWAYS_SEARCH_USER_PATHS = NO;
				CLANG_ANALYZER_NONNULL = YES;
				CLANG_ANALYZER_NUMBER_OBJECT_CONVERSION = YES_AGGRESSIVE;
				CLANG_CXX_LANGUAGE_STANDARD = "gnu++14";
				CLANG_CXX_LIBRARY = "libc++";
				CLANG_ENABLE_MODULES = YES;
				CLANG_ENABLE_OBJC_ARC = YES;
				CLANG_ENABLE_OBJC_WEAK = YES;
				CLANG_WARN_BLOCK_CAPTURE_AUTORELEASING = YES;
				CLANG_WARN_BOOL_CONVERSION = YES;
				CLANG_WARN_COMMA = YES;
				CLANG_WARN_CONSTANT_CONVERSION = YES;
				CLANG_WARN_DEPRECATED_OBJC_IMPLEMENTATIONS = YES;
				CLANG_WARN_DIRECT_OBJC_ISA_USAGE = YES_ERROR;
				CLANG_WARN_DOCUMENTATION_COMMENTS = YES;
				CLANG_WARN_EMPTY_BODY = YES;
				CLANG_WARN_ENUM_CONVERSION = YES;
				CLANG_WARN_INFINITE_RECURSION = YES;
				CLANG_WARN_INT_CONVERSION = YES;
				CLANG_WARN_NON_LITERAL_NULL_CONVERSION = YES;
				CLANG_WARN_OBJC_IMPLICIT_RETAIN_SELF = YES;
				CLANG_WARN_OBJC_LITERAL_CONVERSION = YES;
				CLANG_WARN_OBJC_ROOT_CLASS = YES_ERROR;
				CLANG_WARN_QUOTED_INCLUDE_IN_FRAMEWORK_HEADER = YES;
				CLANG_WARN_RANGE_LOOP_ANALYSIS = YES;
				CLANG_WARN_STRICT_PROTOTYPES = YES;
				CLANG_WARN_SUSPICIOUS_MOVE = YES;
				CLANG_WARN_UNGUARDED_AVAILABILITY = YES_AGGRESSIVE;
				CLANG_WARN_UNREACHABLE_CODE = YES;
				CLANG_WARN__DUPLICATE_METHOD_MATCH = YES;
				COPY_PHASE_STRIP = NO;
				DEBUG_INFORMATION_FORMAT = "dwarf-with-dsym";
				ENABLE_NS_ASSERTIONS = NO;
				ENABLE_STRICT_OBJC_MSGSEND = YES;
				GCC_C_LANGUAGE_STANDARD = gnu11;
				GCC_NO_COMMON_BLOCKS = YES;
				GCC_WARN_64_TO_32_BIT_CONVERSION = YES;
				GCC_WARN_ABOUT_RETURN_TYPE = YES_ERROR;
				GCC_WARN_UNDECLARED_SELECTOR = YES;
				GCC_WARN_UNINITIALIZED_AUTOS = YES_AGGRESSIVE;
				GCC_WARN_UNUSED_FUNCTION = YES;
				GCC_WARN_UNUSED_VARIABLE = YES;
				IPHONEOS_DEPLOYMENT_TARGET = 14.1;
				MTL_ENABLE_DEBUG_INFO = NO;
				MTL_FAST_MATH = YES;
				SDKROOT = iphoneos;
				SWIFT_COMPILATION_MODE = wholemodule;
				SWIFT_OPTIMIZATION_LEVEL = "-O";
				VALIDATE_PRODUCT = YES;
			};
			name = Release;
		};
		BC50CDC525AB1038006E7253 /* Debug */ = {
			isa = XCBuildConfiguration;
			buildSettings = {
				ASSETCATALOG_COMPILER_APPICON_NAME = AppIcon;
				ASSETCATALOG_COMPILER_GLOBAL_ACCENT_COLOR_NAME = AccentColor;
				CODE_SIGN_STYLE = Automatic;
				DEVELOPMENT_TEAM = P5WFMH6Q63;
				INFOPLIST_FILE = PancakeAnimation/Info.plist;
				LD_RUNPATH_SEARCH_PATHS = (
					"$(inherited)",
					"@executable_path/Frameworks",
				);
				PRODUCT_BUNDLE_IDENTIFIER = AS.PancakeAnimation;
				PRODUCT_NAME = "$(TARGET_NAME)";
				SWIFT_VERSION = 5.0;
				TARGETED_DEVICE_FAMILY = "1,2";
			};
			name = Debug;
		};
		BC50CDC625AB1038006E7253 /* Release */ = {
			isa = XCBuildConfiguration;
			buildSettings = {
				ASSETCATALOG_COMPILER_APPICON_NAME = AppIcon;
				ASSETCATALOG_COMPILER_GLOBAL_ACCENT_COLOR_NAME = AccentColor;
				CODE_SIGN_STYLE = Automatic;
				DEVELOPMENT_TEAM = P5WFMH6Q63;
				INFOPLIST_FILE = PancakeAnimation/Info.plist;
				LD_RUNPATH_SEARCH_PATHS = (
					"$(inherited)",
					"@executable_path/Frameworks",
				);
				PRODUCT_BUNDLE_IDENTIFIER = AS.PancakeAnimation;
				PRODUCT_NAME = "$(TARGET_NAME)";
				SWIFT_VERSION = 5.0;
				TARGETED_DEVICE_FAMILY = "1,2";
			};
			name = Release;
		};
/* End XCBuildConfiguration section */

/* Begin XCConfigurationList section */
		BC50CDAB25AB1036006E7253 /* Build configuration list for PBXProject "PancakeAnimation" */ = {
			isa = XCConfigurationList;
			buildConfigurations = (
				BC50CDC225AB1038006E7253 /* Debug */,
				BC50CDC325AB1038006E7253 /* Release */,
			);
			defaultConfigurationIsVisible = 0;
			defaultConfigurationName = Release;
		};
		BC50CDC425AB1038006E7253 /* Build configuration list for PBXNativeTarget "PancakeAnimation" */ = {
			isa = XCConfigurationList;
			buildConfigurations = (
				BC50CDC525AB1038006E7253 /* Debug */,
				BC50CDC625AB1038006E7253 /* Release */,
			);
			defaultConfigurationIsVisible = 0;
			defaultConfigurationName = Release;
		};
/* End XCConfigurationList section */
	};
	rootObject = BC50CDA825AB1036006E7253 /* Project object */;
}
